
Microsoft Visual Studio Solution File, Format Version 12.00
Project("{2150E333-8FDC-42A3-9474-1A3956D46DE8}") = "src", "src", "{827E0CD3-B72D-47B6-A68D-7590B98EB39B}"
EndProject
Project("{FAE04EC0-301F-11D3-BF4B-00C04F79EFBC}") = "Forja.Core", "src\Forja.Core\Forja.Core.csproj", "{F87BFFFB-ACE6-48F1-806D-9FE72537D2B3}"
EndProject
Project("{2150E333-8FDC-42A3-9474-1A3956D46DE8}") = "tests", "tests", "{0AB3BF05-4346-4AA6-1389-037BE0695223}"
EndProject
Project("{FAE04EC0-301F-11D3-BF4B-00C04F79EFBC}") = "Forja.Core.Tests", "tests\Forja.Core.Tests\Forja.Core.Tests.csproj", "{3FA15539-69C3-467D-8777-6DAEACEE3B3A}"
EndProject
Project("{2150E333-8FDC-42A3-9474-1A3956D46DE8}") = "problemas", "problemas", "{162318FF-9444-C278-08E4-80ECB8C1D392}"
EndProject
Project("{FAE04EC0-301F-11D3-BF4B-00C04F79EFBC}") = "Forja.Problemas", "problemas\Forja.Problemas\Forja.Problemas.csproj", "{CCE166B8-8BE8-42A3-85C3-5A5D425C30F5}"
EndProject
Project("{2150E333-8FDC-42A3-9474-1A3956D46DE8}") = "semanas", "semanas", "{2BB57F99-C1AC-223E-A1D4-29A10F2AB67C}"
EndProject
Project("{FAE04EC0-301F-11D3-BF4B-00C04F79EFBC}") = "S01-complexidade", "semanas\S01-complexidade\S01-complexidade.csproj", "{E2C6E555-3BA0-4D70-9879-6F21B2E2CFC5}"
EndProject
Project("{2150E333-8FDC-42A3-9474-1A3956D46DE8}") = "benchmarks", "benchmarks", "{66320409-64EC-F7C5-3DEF-65E7510DAAD1}"
EndProject
Project("{2150E333-8FDC-42A3-9474-1A3956D46DE8}") = "Forja.Benchmarks", "Forja.Benchmarks", "{A7B8E4B4-7746-E1A7-E4F5-9FE377FE8DD4}"
EndProject
Project("{FAE04EC0-301F-11D3-BF4B-00C04F79EFBC}") = "Forja.benchmarks", "benchmarks\Forja.Benchmarks\Forja.benchmarks.csproj", "{02E966DE-EE5B-421F-A93C-E54881E013AB}"
EndProject
Global
	GlobalSection(SolutionConfigurationPlatforms) = preSolution
		Debug|Any CPU = Debug|Any CPU
		Debug|x64 = Debug|x64
		Debug|x86 = Debug|x86
		Release|Any CPU = Release|Any CPU
		Release|x64 = Release|x64
		Release|x86 = Release|x86
	EndGlobalSection
	GlobalSection(ProjectConfigurationPlatforms) = postSolution
		{F87BFFFB-ACE6-48F1-806D-9FE72537D2B3}.Debug|Any CPU.ActiveCfg = Debug|Any CPU
		{F87BFFFB-ACE6-48F1-806D-9FE72537D2B3}.Debug|Any CPU.Build.0 = Debug|Any CPU
		{F87BFFFB-ACE6-48F1-806D-9FE72537D2B3}.Debug|x64.ActiveCfg = Debug|Any CPU
		{F87BFFFB-ACE6-48F1-806D-9FE72537D2B3}.Debug|x64.Build.0 = Debug|Any CPU
		{F87BFFFB-ACE6-48F1-806D-9FE72537D2B3}.Debug|x86.ActiveCfg = Debug|Any CPU
		{F87BFFFB-ACE6-48F1-806D-9FE72537D2B3}.Debug|x86.Build.0 = Debug|Any CPU
		{F87BFFFB-ACE6-48F1-806D-9FE72537D2B3}.Release|Any CPU.ActiveCfg = Release|Any CPU
		{F87BFFFB-ACE6-48F1-806D-9FE72537D2B3}.Release|Any CPU.Build.0 = Release|Any CPU
		{F87BFFFB-ACE6-48F1-806D-9FE72537D2B3}.Release|x64.ActiveCfg = Release|Any CPU
		{F87BFFFB-ACE6-48F1-806D-9FE72537D2B3}.Release|x64.Build.0 = Release|Any CPU
		{F87BFFFB-ACE6-48F1-806D-9FE72537D2B3}.Release|x86.ActiveCfg = Release|Any CPU
		{F87BFFFB-ACE6-48F1-806D-9FE72537D2B3}.Release|x86.Build.0 = Release|Any CPU
		{3FA15539-69C3-467D-8777-6DAEACEE3B3A}.Debug|Any CPU.ActiveCfg = Debug|Any CPU
		{3FA15539-69C3-467D-8777-6DAEACEE3B3A}.Debug|Any CPU.Build.0 = Debug|Any CPU
		{3FA15539-69C3-467D-8777-6DAEACEE3B3A}.Debug|x64.ActiveCfg = Debug|Any CPU
		{3FA15539-69C3-467D-8777-6DAEACEE3B3A}.Debug|x64.Build.0 = Debug|Any CPU
		{3FA15539-69C3-467D-8777-6DAEACEE3B3A}.Debug|x86.ActiveCfg = Debug|Any CPU
		{3FA15539-69C3-467D-8777-6DAEACEE3B3A}.Debug|x86.Build.0 = Debug|Any CPU
		{3FA15539-69C3-467D-8777-6DAEACEE3B3A}.Release|Any CPU.ActiveCfg = Release|Any CPU
		{3FA15539-69C3-467D-8777-6DAEACEE3B3A}.Release|Any CPU.Build.0 = Release|Any CPU
		{3FA15539-69C3-467D-8777-6DAEACEE3B3A}.Release|x64.ActiveCfg = Release|Any CPU
		{3FA15539-69C3-467D-8777-6DAEACEE3B3A}.Release|x64.Build.0 = Release|Any CPU
		{3FA15539-69C3-467D-8777-6DAEACEE3B3A}.Release|x86.ActiveCfg = Release|Any CPU
		{3FA15539-69C3-467D-8777-6DAEACEE3B3A}.Release|x86.Build.0 = Release|Any CPU
		{CCE166B8-8BE8-42A3-85C3-5A5D425C30F5}.Debug|Any CPU.ActiveCfg = Debug|Any CPU
		{CCE166B8-8BE8-42A3-85C3-5A5D425C30F5}.Debug|Any CPU.Build.0 = Debug|Any CPU
		{CCE166B8-8BE8-42A3-85C3-5A5D425C30F5}.Debug|x64.ActiveCfg = Debug|Any CPU
		{CCE166B8-8BE8-42A3-85C3-5A5D425C30F5}.Debug|x64.Build.0 = Debug|Any CPU
		{CCE166B8-8BE8-42A3-85C3-5A5D425C30F5}.Debug|x86.ActiveCfg = Debug|Any CPU
		{CCE166B8-8BE8-42A3-85C3-5A5D425C30F5}.Debug|x86.Build.0 = Debug|Any CPU
		{CCE166B8-8BE8-42A3-85C3-5A5D425C30F5}.Release|Any CPU.ActiveCfg = Release|Any CPU
		{CCE166B8-8BE8-42A3-85C3-5A5D425C30F5}.Release|Any CPU.Build.0 = Release|Any CPU
		{CCE166B8-8BE8-42A3-85C3-5A5D425C30F5}.Release|x64.ActiveCfg = Release|Any CPU
		{CCE166B8-8BE8-42A3-85C3-5A5D425C30F5}.Release|x64.Build.0 = Release|Any CPU
		{CCE166B8-8BE8-42A3-85C3-5A5D425C30F5}.Release|x86.ActiveCfg = Release|Any CPU
		{CCE166B8-8BE8-42A3-85C3-5A5D425C30F5}.Release|x86.Build.0 = Release|Any CPU
		{E2C6E555-3BA0-4D70-9879-6F21B2E2CFC5}.Debug|Any CPU.ActiveCfg = Debug|Any CPU
		{E2C6E555-3BA0-4D70-9879-6F21B2E2CFC5}.Debug|Any CPU.Build.0 = Debug|Any CPU
		{E2C6E555-3BA0-4D70-9879-6F21B2E2CFC5}.Debug|x64.ActiveCfg = Debug|Any CPU
		{E2C6E555-3BA0-4D70-9879-6F21B2E2CFC5}.Debug|x64.Build.0 = Debug|Any CPU
		{E2C6E555-3BA0-4D70-9879-6F21B2E2CFC5}.Debug|x86.ActiveCfg = Debug|Any CPU
		{E2C6E555-3BA0-4D70-9879-6F21B2E2CFC5}.Debug|x86.Build.0 = Debug|Any CPU
		{E2C6E555-3BA0-4D70-9879-6F21B2E2CFC5}.Release|Any CPU.ActiveCfg = Release|Any CPU
		{E2C6E555-3BA0-4D70-9879-6F21B2E2CFC5}.Release|Any CPU.Build.0 = Release|Any CPU
		{E2C6E555-3BA0-4D70-9879-6F21B2E2CFC5}.Release|x64.ActiveCfg = Release|Any CPU
		{E2C6E555-3BA0-4D70-9879-6F21B2E2CFC5}.Release|x64.Build.0 = Release|Any CPU
		{E2C6E555-3BA0-4D70-9879-6F21B2E2CFC5}.Release|x86.ActiveCfg = Release|Any CPU
		{E2C6E555-3BA0-4D70-9879-6F21B2E2CFC5}.Release|x86.Build.0 = Release|Any CPU
		{02E966DE-EE5B-421F-A93C-E54881E013AB}.Debug|Any CPU.ActiveCfg = Debug|Any CPU
		{02E966DE-EE5B-421F-A93C-E54881E013AB}.Debug|Any CPU.Build.0 = Debug|Any CPU
		{02E966DE-EE5B-421F-A93C-E54881E013AB}.Debug|x64.ActiveCfg = Debug|Any CPU
		{02E966DE-EE5B-421F-A93C-E54881E013AB}.Debug|x64.Build.0 = Debug|Any CPU
		{02E966DE-EE5B-421F-A93C-E54881E013AB}.Debug|x86.ActiveCfg = Debug|Any CPU
		{02E966DE-EE5B-421F-A93C-E54881E013AB}.Debug|x86.Build.0 = Debug|Any CPU
		{02E966DE-EE5B-421F-A93C-E54881E013AB}.Release|Any CPU.ActiveCfg = Release|Any CPU
		{02E966DE-EE5B-421F-A93C-E54881E013AB}.Release|Any CPU.Build.0 = Release|Any CPU
		{02E966DE-EE5B-421F-A93C-E54881E013AB}.Release|x64.ActiveCfg = Release|Any CPU
		{02E966DE-EE5B-421F-A93C-E54881E013AB}.Release|x64.Build.0 = Release|Any CPU
		{02E966DE-EE5B-421F-A93C-E54881E013AB}.Release|x86.ActiveCfg = Release|Any CPU
		{02E966DE-EE5B-421F-A93C-E54881E013AB}.Release|x86.Build.0 = Release|Any CPU
	EndGlobalSection
	GlobalSection(SolutionProperties) = preSolution
		HideSolutionNode = FALSE
	EndGlobalSection
	GlobalSection(NestedProjects) = preSolution
		{F87BFFFB-ACE6-48F1-806D-9FE72537D2B3} = {827E0CD3-B72D-47B6-A68D-7590B98EB39B}
		{3FA15539-69C3-467D-8777-6DAEACEE3B3A} = {0AB3BF05-4346-4AA6-1389-037BE0695223}
		{CCE166B8-8BE8-42A3-85C3-5A5D425C30F5} = {162318FF-9444-C278-08E4-80ECB8C1D392}
		{E2C6E555-3BA0-4D70-9879-6F21B2E2CFC5} = {2BB57F99-C1AC-223E-A1D4-29A10F2AB67C}
		{A7B8E4B4-7746-E1A7-E4F5-9FE377FE8DD4} = {66320409-64EC-F7C5-3DEF-65E7510DAAD1}
		{02E966DE-EE5B-421F-A93C-E54881E013AB} = {A7B8E4B4-7746-E1A7-E4F5-9FE377FE8DD4}
	EndGlobalSection
EndGlobal
